
Microsoft Visual Studio Solution File, Format Version 12.00
# Visual Studio Version 17
VisualStudioVersion = 17.5.002.0
MinimumVisualStudioVersion = 10.0.40219.1
Project("{9A19103F-16F7-4668-BE54-9A1E7A4F7556}") = "task", "task\task.csproj", "{6ACCFFA0-1DF4-4E1C-B235-E8BB703FA4E9}"
EndProject
Global
	GlobalSection(SolutionConfigurationPlatforms) = preSolution
		Debug|Any CPU = Debug|Any CPU
		Release|Any CPU = Release|Any CPU
	EndGlobalSection
	GlobalSection(ProjectConfigurationPlatforms) = postSolution
		{6ACCFFA0-1DF4-4E1C-B235-E8BB703FA4E9}.Debug|Any CPU.ActiveCfg = Debug|Any CPU
		{6ACCFFA0-1DF4-4E1C-B235-E8BB703FA4E9}.Debug|Any CPU.Build.0 = Debug|Any CPU
		{6ACCFFA0-1DF4-4E1C-B235-E8BB703FA4E9}.Release|Any CPU.ActiveCfg = Release|Any CPU
		{6ACCFFA0-1DF4-4E1C-B235-E8BB703FA4E9}.Release|Any CPU.Build.0 = Release|Any CPU
	EndGlobalSection
	GlobalSection(SolutionProperties) = preSolution
		HideSolutionNode = FALSE
	EndGlobalSection
	GlobalSection(ExtensibilityGlobals) = postSolution
		SolutionGuid = {F69185CA-2945-42FA-895D-139E7C01914A}
	EndGlobalSection
EndGlobal
